
Microsoft Visual Studio Solution File, Format Version 9.00
# Visual Studio 2005
Project("{FAE04EC0-301F-11D3-BF4B-00C04F79EFBC}") = "SymboSelector2005", "SymboSelector2005.csproj", "{FE3E066C-08DE-4960-B5D8-A838BC9B0E25}"
EndProject
Project("{FAE04EC0-301F-11D3-BF4B-00C04F79EFBC}") = "MapControlAppPropertyPage2005", "MapControlAppPropertyPage2005.csproj", "{56DA515B-EAEE-4553-94DC-F879A76C8231}"
EndProject
Global
	GlobalSection(SolutionConfigurationPlatforms) = preSolution
		Debug|Any CPU = Debug|Any CPU
		Release|Any CPU = Release|Any CPU
	EndGlobalSection
	GlobalSection(ProjectConfigurationPlatforms) = postSolution
		{FE3E066C-08DE-4960-B5D8-A838BC9B0E25}.Debug|Any CPU.ActiveCfg = Debug|Any CPU
		{FE3E066C-08DE-4960-B5D8-A838BC9B0E25}.Debug|Any CPU.Build.0 = Debug|Any CPU
		{FE3E066C-08DE-4960-B5D8-A838BC9B0E25}.Release|Any CPU.ActiveCfg = Release|Any CPU
		{FE3E066C-08DE-4960-B5D8-A838BC9B0E25}.Release|Any CPU.Build.0 = Release|Any CPU
		{56DA515B-EAEE-4553-94DC-F879A76C8231}.Debug|Any CPU.ActiveCfg = Debug|Any CPU
		{56DA515B-EAEE-4553-94DC-F879A76C8231}.Debug|Any CPU.Build.0 = Debug|Any CPU
		{56DA515B-EAEE-4553-94DC-F879A76C8231}.Release|Any CPU.ActiveCfg = Release|Any CPU
		{56DA515B-EAEE-4553-94DC-F879A76C8231}.Release|Any CPU.Build.0 = Release|Any CPU
	EndGlobalSection
	GlobalSection(SolutionProperties) = preSolution
		HideSolutionNode = FALSE
	EndGlobalSection
EndGlobal
